{
  "name": "cron-monitor",
  "version": "1.0.0",
  "lockfileVersion": 3,
  "requires": true,
  "packages": {
    "": {
      "name": "cron-monitor",
      "version": "1.0.0",
      "license": "MIT",
      "bin": {
        "cron-monitor": "bin/cron-monitor.js"
      },
      "engines": {
        "node": ">=18"
      }
    }
  }
}
